PODS:
  - Expecta (0.4.0)
  - SLCoreDataStack (0.8.9)
  - SPLTableViewBehavior (0.8.5)

DEPENDENCIES:
  - Expecta
  - SLCoreDataStack (~> 0.8.0)
  - SPLTableViewBehavior (from `.`)

EXTERNAL SOURCES:
  SPLTableViewBehavior:
    :path: "."

SPEC CHECKSUMS:
  Expecta: 392a6b5bfb9f4097e47dd8064d9b732079490332
  SLCoreDataStack: b911897db2e0c4f371c5c1a038990a9da49f284e
  SPLTableViewBehavior: 51f8e1a9e2b038e48ed8d83b8c353afd18ede661

COCOAPODS: 0.36.3
